// !$*UTF8*$!
{
	archiveVersion = 1;
	classes = {
	};
	objectVersion = 56;
	objects = {

/* Begin PBXBuildFile section */
		0718CC81723CB023FF220752 /* Pods_TodoList_TodoListUITests.framework in Frameworks */ = {isa = PBXBuildFile; fileRef = 3C97A07DD2F10E239769A3C0 /* Pods_TodoList_TodoListUITests.framework */; };
		AC7558A8DBE0A8E90F53D874 /* Pods_TodoListTests.framework in Frameworks */ = {isa = PBXBuildFile; fileRef = 035B075917EA6D5A3767968F /* Pods_TodoListTests.framework */; };
		CDDE2587A86078B5629AE5D7 /* Pods_TodoList.framework in Frameworks */ = {isa = PBXBuildFile; fileRef = 159E336CF5AD68A7C68CC0B2 /* Pods_TodoList.framework */; };
		EA20FFA52A4229C400183E8E /* UIImage+Extensions.swift in Sources */ = {isa = PBXBuildFile; fileRef = EA20FFA42A4229C400183E8E /* UIImage+Extensions.swift */; };
		EA20FFAC2A422B3A00183E8E /* DetailItemView.swift in Sources */ = {isa = PBXBuildFile; fileRef = EA20FFAB2A422B3A00183E8E /* DetailItemView.swift */; };
		EA20FFAE2A422C6200183E8E /* UIView+Extensions.swift in Sources */ = {isa = PBXBuildFile; fileRef = EA20FFAD2A422C6200183E8E /* UIView+Extensions.swift */; };
		EA2901422A48BDAE00D82049 /* CocoaLumberjackSwift in Frameworks */ = {isa = PBXBuildFile; productRef = EA2901412A48BDAE00D82049 /* CocoaLumberjackSwift */; };
		EA293C012A3DF4B5006D85CC /* TodoListPresenter.swift in Sources */ = {isa = PBXBuildFile; fileRef = EA293BFB2A3DF4B5006D85CC /* TodoListPresenter.swift */; };
		EA293C022A3DF4B5006D85CC /* TodoListRouter.swift in Sources */ = {isa = PBXBuildFile; fileRef = EA293BFC2A3DF4B5006D85CC /* TodoListRouter.swift */; };
		EA293C032A3DF4B5006D85CC /* TodoListViewController.swift in Sources */ = {isa = PBXBuildFile; fileRef = EA293BFD2A3DF4B5006D85CC /* TodoListViewController.swift */; };
		EA293C042A3DF4B5006D85CC /* TodoListView.swift in Sources */ = {isa = PBXBuildFile; fileRef = EA293BFE2A3DF4B5006D85CC /* TodoListView.swift */; };
		EA293C052A3DF4B5006D85CC /* TodoListConfigurator.swift in Sources */ = {isa = PBXBuildFile; fileRef = EA293BFF2A3DF4B5006D85CC /* TodoListConfigurator.swift */; };
		EA293C0E2A3DF4CC006D85CC /* TodoDetailPresenter.swift in Sources */ = {isa = PBXBuildFile; fileRef = EA293C082A3DF4CC006D85CC /* TodoDetailPresenter.swift */; };
		EA293C0F2A3DF4CC006D85CC /* TodoDetailRouter.swift in Sources */ = {isa = PBXBuildFile; fileRef = EA293C092A3DF4CC006D85CC /* TodoDetailRouter.swift */; };
		EA293C102A3DF4CC006D85CC /* TodoDetailViewController.swift in Sources */ = {isa = PBXBuildFile; fileRef = EA293C0A2A3DF4CC006D85CC /* TodoDetailViewController.swift */; };
		EA293C112A3DF4CC006D85CC /* TodoDetailView.swift in Sources */ = {isa = PBXBuildFile; fileRef = EA293C0B2A3DF4CC006D85CC /* TodoDetailView.swift */; };
		EA293C122A3DF4CC006D85CC /* TodoDetailConfigurator.swift in Sources */ = {isa = PBXBuildFile; fileRef = EA293C0C2A3DF4CC006D85CC /* TodoDetailConfigurator.swift */; };
		EA4C82212A38F85B00C5FCF2 /* TodoItem+Extensions.swift in Sources */ = {isa = PBXBuildFile; fileRef = EA4C82202A38F85B00C5FCF2 /* TodoItem+Extensions.swift */; };
		EA4CA98E2A4DED76000CC4FF /* ListTableView.swift in Sources */ = {isa = PBXBuildFile; fileRef = EA4CA98D2A4DED76000CC4FF /* ListTableView.swift */; };
		EA4CA9912A4E0865000CC4FF /* OrderedCollections in Frameworks */ = {isa = PBXBuildFile; productRef = EA4CA9902A4E0865000CC4FF /* OrderedCollections */; };
		EA4CA9932A4E2515000CC4FF /* ListTableHeaderView.swift in Sources */ = {isa = PBXBuildFile; fileRef = EA4CA9922A4E2515000CC4FF /* ListTableHeaderView.swift */; };
		EA4D02FF2A3F509200F4FC29 /* Colors.xcassets in Resources */ = {isa = PBXBuildFile; fileRef = EA4D02FE2A3F509200F4FC29 /* Colors.xcassets */; };
		EA4D03022A3F5A6B00F4FC29 /* UIColor+Extensions.swift in Sources */ = {isa = PBXBuildFile; fileRef = EA4D03012A3F5A6B00F4FC29 /* UIColor+Extensions.swift */; };
		EA655DD82A37942D00AE56DA /* TodoItem.swift in Sources */ = {isa = PBXBuildFile; fileRef = EA655DD72A37942D00AE56DA /* TodoItem.swift */; };
		EA6D3C352A44B548002FAFA7 /* SF-Pro-Display-Bold.otf in Resources */ = {isa = PBXBuildFile; fileRef = EA6D3C342A44B548002FAFA7 /* SF-Pro-Display-Bold.otf */; };
		EA6D3C372A44B559002FAFA7 /* SF-Pro-Display-Semibold.otf in Resources */ = {isa = PBXBuildFile; fileRef = EA6D3C362A44B559002FAFA7 /* SF-Pro-Display-Semibold.otf */; };
		EA6D3C392A44B59D002FAFA7 /* SFProText-Semibold.ttf in Resources */ = {isa = PBXBuildFile; fileRef = EA6D3C382A44B59D002FAFA7 /* SFProText-Semibold.ttf */; };
		EA6D3C3B2A44B5D8002FAFA7 /* SFProText-Light.ttf in Resources */ = {isa = PBXBuildFile; fileRef = EA6D3C3A2A44B5D8002FAFA7 /* SFProText-Light.ttf */; };
		EA6D3C3D2A44B739002FAFA7 /* UIFont+Extensions.swift in Sources */ = {isa = PBXBuildFile; fileRef = EA6D3C3C2A44B739002FAFA7 /* UIFont+Extensions.swift */; };
		EA6D3C3F2A44B9A7002FAFA7 /* DetailFooterView.swift in Sources */ = {isa = PBXBuildFile; fileRef = EA6D3C3E2A44B9A7002FAFA7 /* DetailFooterView.swift */; };
		EA6D3C412A44E2D6002FAFA7 /* DetailNavigationBar.swift in Sources */ = {isa = PBXBuildFile; fileRef = EA6D3C402A44E2D6002FAFA7 /* DetailNavigationBar.swift */; };
		EA6D3C432A44E9E5002FAFA7 /* DetailTextView.swift in Sources */ = {isa = PBXBuildFile; fileRef = EA6D3C422A44E9E5002FAFA7 /* DetailTextView.swift */; };
		EA6D3C452A44F47D002FAFA7 /* DetailDeleteButton.swift in Sources */ = {isa = PBXBuildFile; fileRef = EA6D3C442A44F47D002FAFA7 /* DetailDeleteButton.swift */; };
		EA7B28D22A37930600261559 /* AppDelegate.swift in Sources */ = {isa = PBXBuildFile; fileRef = EA7B28D12A37930600261559 /* AppDelegate.swift */; };
		EA7B28D42A37930600261559 /* SceneDelegate.swift in Sources */ = {isa = PBXBuildFile; fileRef = EA7B28D32A37930600261559 /* SceneDelegate.swift */; };
		EA7B28DB2A37930700261559 /* Assets.xcassets in Resources */ = {isa = PBXBuildFile; fileRef = EA7B28DA2A37930700261559 /* Assets.xcassets */; };
		EA7B28DE2A37930700261559 /* LaunchScreen.storyboard in Resources */ = {isa = PBXBuildFile; fileRef = EA7B28DC2A37930700261559 /* LaunchScreen.storyboard */; };
		EA7B28E92A37930700261559 /* TodoListTests.swift in Sources */ = {isa = PBXBuildFile; fileRef = EA7B28E82A37930700261559 /* TodoListTests.swift */; };
		EA7B28F32A37930700261559 /* TodoListUITests.swift in Sources */ = {isa = PBXBuildFile; fileRef = EA7B28F22A37930700261559 /* TodoListUITests.swift */; };
		EA7B28F52A37930700261559 /* TodoListUITestsLaunchTests.swift in Sources */ = {isa = PBXBuildFile; fileRef = EA7B28F42A37930700261559 /* TodoListUITestsLaunchTests.swift */; };
		EADC76462A4B50070073B1D7 /* Strings.swift in Sources */ = {isa = PBXBuildFile; fileRef = EADC76452A4B50070073B1D7 /* Strings.swift */; };
		EADC76492A4B543C0073B1D7 /* ListCellView.swift in Sources */ = {isa = PBXBuildFile; fileRef = EADC76482A4B543C0073B1D7 /* ListCellView.swift */; };
		EADC764B2A4B61800073B1D7 /* ListTitleView.swift in Sources */ = {isa = PBXBuildFile; fileRef = EADC764A2A4B61800073B1D7 /* ListTitleView.swift */; };
		EADC764D2A4B63D50073B1D7 /* UIImageView+Extensions.swift in Sources */ = {isa = PBXBuildFile; fileRef = EADC764C2A4B63D50073B1D7 /* UIImageView+Extensions.swift */; };
		EADDC8262A45D44500A5E910 /* DateFormatter+Extensions.swift in Sources */ = {isa = PBXBuildFile; fileRef = EADDC8252A45D44500A5E910 /* DateFormatter+Extensions.swift */; };
		EAEF38AD2A4B64C700AD2EF9 /* UILabel+Extensions.swift in Sources */ = {isa = PBXBuildFile; fileRef = EAEF38AC2A4B64C700AD2EF9 /* UILabel+Extensions.swift */; };
		EAF5DDFA2A3A3E9D00BEA9BD /* FileCache.swift in Sources */ = {isa = PBXBuildFile; fileRef = EAF5DDF92A3A3E9D00BEA9BD /* FileCache.swift */; };
/* End PBXBuildFile section */

/* Begin PBXContainerItemProxy section */
		EA7B28E52A37930700261559 /* PBXContainerItemProxy */ = {
			isa = PBXContainerItemProxy;
			containerPortal = EA7B28C62A37930600261559 /* Project object */;
			proxyType = 1;
			remoteGlobalIDString = EA7B28CD2A37930600261559;
			remoteInfo = TodoList;
		};
		EA7B28EF2A37930700261559 /* PBXContainerItemProxy */ = {
			isa = PBXContainerItemProxy;
			containerPortal = EA7B28C62A37930600261559 /* Project object */;
			proxyType = 1;
			remoteGlobalIDString = EA7B28CD2A37930600261559;
			remoteInfo = TodoList;
		};
/* End PBXContainerItemProxy section */

/* Begin PBXFileReference section */
		035B075917EA6D5A3767968F /* Pods_TodoListTests.framework */ = {isa = PBXFileReference; explicitFileType = wrapper.framework; includeInIndex = 0; path = Pods_TodoListTests.framework; sourceTree = BUILT_PRODUCTS_DIR; };
		159E336CF5AD68A7C68CC0B2 /* Pods_TodoList.framework */ = {isa = PBXFileReference; explicitFileType = wrapper.framework; includeInIndex = 0; path = Pods_TodoList.framework; sourceTree = BUILT_PRODUCTS_DIR; };
		1A202414BC94A46EC3C91D4E /* Pods-TodoList.debug.xcconfig */ = {isa = PBXFileReference; includeInIndex = 1; lastKnownFileType = text.xcconfig; name = "Pods-TodoList.debug.xcconfig"; path = "Target Support Files/Pods-TodoList/Pods-TodoList.debug.xcconfig"; sourceTree = "<group>"; };
		2EAB3CCBD09987E91D799007 /* Pods-TodoListTests.debug.xcconfig */ = {isa = PBXFileReference; includeInIndex = 1; lastKnownFileType = text.xcconfig; name = "Pods-TodoListTests.debug.xcconfig"; path = "Target Support Files/Pods-TodoListTests/Pods-TodoListTests.debug.xcconfig"; sourceTree = "<group>"; };
		39769F6D18630F5C383BD213 /* Pods-TodoList-TodoListUITests.release.xcconfig */ = {isa = PBXFileReference; includeInIndex = 1; lastKnownFileType = text.xcconfig; name = "Pods-TodoList-TodoListUITests.release.xcconfig"; path = "Target Support Files/Pods-TodoList-TodoListUITests/Pods-TodoList-TodoListUITests.release.xcconfig"; sourceTree = "<group>"; };
		3C97A07DD2F10E239769A3C0 /* Pods_TodoList_TodoListUITests.framework */ = {isa = PBXFileReference; explicitFileType = wrapper.framework; includeInIndex = 0; path = Pods_TodoList_TodoListUITests.framework; sourceTree = BUILT_PRODUCTS_DIR; };
		C8404B6355C7CBAA02564841 /* Pods-TodoList-TodoListUITests.debug.xcconfig */ = {isa = PBXFileReference; includeInIndex = 1; lastKnownFileType = text.xcconfig; name = "Pods-TodoList-TodoListUITests.debug.xcconfig"; path = "Target Support Files/Pods-TodoList-TodoListUITests/Pods-TodoList-TodoListUITests.debug.xcconfig"; sourceTree = "<group>"; };
		D47143CBD9B0BF96D8C94151 /* Pods-TodoListTests.release.xcconfig */ = {isa = PBXFileReference; includeInIndex = 1; lastKnownFileType = text.xcconfig; name = "Pods-TodoListTests.release.xcconfig"; path = "Target Support Files/Pods-TodoListTests/Pods-TodoListTests.release.xcconfig"; sourceTree = "<group>"; };
		D6057EAF95B69CAD2754329B /* Pods-TodoList.release.xcconfig */ = {isa = PBXFileReference; includeInIndex = 1; lastKnownFileType = text.xcconfig; name = "Pods-TodoList.release.xcconfig"; path = "Target Support Files/Pods-TodoList/Pods-TodoList.release.xcconfig"; sourceTree = "<group>"; };
		EA20FFA42A4229C400183E8E /* UIImage+Extensions.swift */ = {isa = PBXFileReference; lastKnownFileType = sourcecode.swift; path = "UIImage+Extensions.swift"; sourceTree = "<group>"; };
		EA20FFAB2A422B3A00183E8E /* DetailItemView.swift */ = {isa = PBXFileReference; lastKnownFileType = sourcecode.swift; path = DetailItemView.swift; sourceTree = "<group>"; };
		EA20FFAD2A422C6200183E8E /* UIView+Extensions.swift */ = {isa = PBXFileReference; lastKnownFileType = sourcecode.swift; path = "UIView+Extensions.swift"; sourceTree = "<group>"; };
		EA293BFB2A3DF4B5006D85CC /* TodoListPresenter.swift */ = {isa = PBXFileReference; lastKnownFileType = sourcecode.swift; path = TodoListPresenter.swift; sourceTree = "<group>"; };
		EA293BFC2A3DF4B5006D85CC /* TodoListRouter.swift */ = {isa = PBXFileReference; lastKnownFileType = sourcecode.swift; path = TodoListRouter.swift; sourceTree = "<group>"; };
		EA293BFD2A3DF4B5006D85CC /* TodoListViewController.swift */ = {isa = PBXFileReference; lastKnownFileType = sourcecode.swift; path = TodoListViewController.swift; sourceTree = "<group>"; };
		EA293BFE2A3DF4B5006D85CC /* TodoListView.swift */ = {isa = PBXFileReference; lastKnownFileType = sourcecode.swift; path = TodoListView.swift; sourceTree = "<group>"; };
		EA293BFF2A3DF4B5006D85CC /* TodoListConfigurator.swift */ = {isa = PBXFileReference; lastKnownFileType = sourcecode.swift; path = TodoListConfigurator.swift; sourceTree = "<group>"; };
		EA293C082A3DF4CC006D85CC /* TodoDetailPresenter.swift */ = {isa = PBXFileReference; lastKnownFileType = sourcecode.swift; path = TodoDetailPresenter.swift; sourceTree = "<group>"; };
		EA293C092A3DF4CC006D85CC /* TodoDetailRouter.swift */ = {isa = PBXFileReference; lastKnownFileType = sourcecode.swift; path = TodoDetailRouter.swift; sourceTree = "<group>"; };
		EA293C0A2A3DF4CC006D85CC /* TodoDetailViewController.swift */ = {isa = PBXFileReference; lastKnownFileType = sourcecode.swift; path = TodoDetailViewController.swift; sourceTree = "<group>"; };
		EA293C0B2A3DF4CC006D85CC /* TodoDetailView.swift */ = {isa = PBXFileReference; lastKnownFileType = sourcecode.swift; path = TodoDetailView.swift; sourceTree = "<group>"; };
		EA293C0C2A3DF4CC006D85CC /* TodoDetailConfigurator.swift */ = {isa = PBXFileReference; lastKnownFileType = sourcecode.swift; path = TodoDetailConfigurator.swift; sourceTree = "<group>"; };
		EA4C82202A38F85B00C5FCF2 /* TodoItem+Extensions.swift */ = {isa = PBXFileReference; lastKnownFileType = sourcecode.swift; path = "TodoItem+Extensions.swift"; sourceTree = "<group>"; };
		EA4CA98D2A4DED76000CC4FF /* ListTableView.swift */ = {isa = PBXFileReference; lastKnownFileType = sourcecode.swift; path = ListTableView.swift; sourceTree = "<group>"; };
		EA4CA9922A4E2515000CC4FF /* ListTableHeaderView.swift */ = {isa = PBXFileReference; lastKnownFileType = sourcecode.swift; path = ListTableHeaderView.swift; sourceTree = "<group>"; };
		EA4D02FE2A3F509200F4FC29 /* Colors.xcassets */ = {isa = PBXFileReference; lastKnownFileType = folder.assetcatalog; path = Colors.xcassets; sourceTree = "<group>"; };
		EA4D03012A3F5A6B00F4FC29 /* UIColor+Extensions.swift */ = {isa = PBXFileReference; lastKnownFileType = sourcecode.swift; path = "UIColor+Extensions.swift"; sourceTree = "<group>"; };
		EA655DD72A37942D00AE56DA /* TodoItem.swift */ = {isa = PBXFileReference; lastKnownFileType = sourcecode.swift; path = TodoItem.swift; sourceTree = "<group>"; };
		EA6D3C342A44B548002FAFA7 /* SF-Pro-Display-Bold.otf */ = {isa = PBXFileReference; lastKnownFileType = file; path = "SF-Pro-Display-Bold.otf"; sourceTree = "<group>"; };
		EA6D3C362A44B559002FAFA7 /* SF-Pro-Display-Semibold.otf */ = {isa = PBXFileReference; lastKnownFileType = file; path = "SF-Pro-Display-Semibold.otf"; sourceTree = "<group>"; };
		EA6D3C382A44B59D002FAFA7 /* SFProText-Semibold.ttf */ = {isa = PBXFileReference; lastKnownFileType = file; path = "SFProText-Semibold.ttf"; sourceTree = "<group>"; };
		EA6D3C3A2A44B5D8002FAFA7 /* SFProText-Light.ttf */ = {isa = PBXFileReference; lastKnownFileType = file; path = "SFProText-Light.ttf"; sourceTree = "<group>"; };
		EA6D3C3C2A44B739002FAFA7 /* UIFont+Extensions.swift */ = {isa = PBXFileReference; lastKnownFileType = sourcecode.swift; path = "UIFont+Extensions.swift"; sourceTree = "<group>"; };
		EA6D3C3E2A44B9A7002FAFA7 /* DetailFooterView.swift */ = {isa = PBXFileReference; lastKnownFileType = sourcecode.swift; path = DetailFooterView.swift; sourceTree = "<group>"; };
		EA6D3C402A44E2D6002FAFA7 /* DetailNavigationBar.swift */ = {isa = PBXFileReference; lastKnownFileType = sourcecode.swift; path = DetailNavigationBar.swift; sourceTree = "<group>"; };
		EA6D3C422A44E9E5002FAFA7 /* DetailTextView.swift */ = {isa = PBXFileReference; lastKnownFileType = sourcecode.swift; path = DetailTextView.swift; sourceTree = "<group>"; };
		EA6D3C442A44F47D002FAFA7 /* DetailDeleteButton.swift */ = {isa = PBXFileReference; lastKnownFileType = sourcecode.swift; path = DetailDeleteButton.swift; sourceTree = "<group>"; };
		EA7B28CE2A37930600261559 /* TodoList.app */ = {isa = PBXFileReference; explicitFileType = wrapper.application; includeInIndex = 0; path = TodoList.app; sourceTree = BUILT_PRODUCTS_DIR; };
		EA7B28D12A37930600261559 /* AppDelegate.swift */ = {isa = PBXFileReference; lastKnownFileType = sourcecode.swift; path = AppDelegate.swift; sourceTree = "<group>"; };
		EA7B28D32A37930600261559 /* SceneDelegate.swift */ = {isa = PBXFileReference; lastKnownFileType = sourcecode.swift; path = SceneDelegate.swift; sourceTree = "<group>"; };
		EA7B28DA2A37930700261559 /* Assets.xcassets */ = {isa = PBXFileReference; lastKnownFileType = folder.assetcatalog; path = Assets.xcassets; sourceTree = "<group>"; };
		EA7B28DD2A37930700261559 /* Base */ = {isa = PBXFileReference; lastKnownFileType = file.storyboard; name = Base; path = Base.lproj/LaunchScreen.storyboard; sourceTree = "<group>"; };
		EA7B28DF2A37930700261559 /* Info.plist */ = {isa = PBXFileReference; lastKnownFileType = text.plist.xml; path = Info.plist; sourceTree = "<group>"; };
		EA7B28E42A37930700261559 /* TodoListTests.xctest */ = {isa = PBXFileReference; explicitFileType = wrapper.cfbundle; includeInIndex = 0; path = TodoListTests.xctest; sourceTree = BUILT_PRODUCTS_DIR; };
		EA7B28E82A37930700261559 /* TodoListTests.swift */ = {isa = PBXFileReference; lastKnownFileType = sourcecode.swift; path = TodoListTests.swift; sourceTree = "<group>"; };
		EA7B28EE2A37930700261559 /* TodoListUITests.xctest */ = {isa = PBXFileReference; explicitFileType = wrapper.cfbundle; includeInIndex = 0; path = TodoListUITests.xctest; sourceTree = BUILT_PRODUCTS_DIR; };
		EA7B28F22A37930700261559 /* TodoListUITests.swift */ = {isa = PBXFileReference; lastKnownFileType = sourcecode.swift; path = TodoListUITests.swift; sourceTree = "<group>"; };
		EA7B28F42A37930700261559 /* TodoListUITestsLaunchTests.swift */ = {isa = PBXFileReference; lastKnownFileType = sourcecode.swift; path = TodoListUITestsLaunchTests.swift; sourceTree = "<group>"; };
		EADC76452A4B50070073B1D7 /* Strings.swift */ = {isa = PBXFileReference; lastKnownFileType = sourcecode.swift; path = Strings.swift; sourceTree = "<group>"; };
		EADC76482A4B543C0073B1D7 /* ListCellView.swift */ = {isa = PBXFileReference; lastKnownFileType = sourcecode.swift; path = ListCellView.swift; sourceTree = "<group>"; };
		EADC764A2A4B61800073B1D7 /* ListTitleView.swift */ = {isa = PBXFileReference; lastKnownFileType = sourcecode.swift; path = ListTitleView.swift; sourceTree = "<group>"; };
		EADC764C2A4B63D50073B1D7 /* UIImageView+Extensions.swift */ = {isa = PBXFileReference; lastKnownFileType = sourcecode.swift; path = "UIImageView+Extensions.swift"; sourceTree = "<group>"; };
		EADDC8252A45D44500A5E910 /* DateFormatter+Extensions.swift */ = {isa = PBXFileReference; lastKnownFileType = sourcecode.swift; path = "DateFormatter+Extensions.swift"; sourceTree = "<group>"; };
		EAEF38AC2A4B64C700AD2EF9 /* UILabel+Extensions.swift */ = {isa = PBXFileReference; lastKnownFileType = sourcecode.swift; path = "UILabel+Extensions.swift"; sourceTree = "<group>"; };
		EAF5DDF92A3A3E9D00BEA9BD /* FileCache.swift */ = {isa = PBXFileReference; lastKnownFileType = sourcecode.swift; path = FileCache.swift; sourceTree = "<group>"; };
/* End PBXFileReference section */

/* Begin PBXFrameworksBuildPhase section */
		EA7B28CB2A37930600261559 /* Frameworks */ = {
			isa = PBXFrameworksBuildPhase;
			buildActionMask = 2147483647;
			files = (
				EA2901422A48BDAE00D82049 /* CocoaLumberjackSwift in Frameworks */,
				CDDE2587A86078B5629AE5D7 /* Pods_TodoList.framework in Frameworks */,
				EA4CA9912A4E0865000CC4FF /* OrderedCollections in Frameworks */,
			);
			runOnlyForDeploymentPostprocessing = 0;
		};
		EA7B28E12A37930700261559 /* Frameworks */ = {
			isa = PBXFrameworksBuildPhase;
			buildActionMask = 2147483647;
			files = (
				AC7558A8DBE0A8E90F53D874 /* Pods_TodoListTests.framework in Frameworks */,
			);
			runOnlyForDeploymentPostprocessing = 0;
		};
		EA7B28EB2A37930700261559 /* Frameworks */ = {
			isa = PBXFrameworksBuildPhase;
			buildActionMask = 2147483647;
			files = (
				0718CC81723CB023FF220752 /* Pods_TodoList_TodoListUITests.framework in Frameworks */,
			);
			runOnlyForDeploymentPostprocessing = 0;
		};
/* End PBXFrameworksBuildPhase section */

/* Begin PBXGroup section */
		C82C72CB3F65C3A23A781F50 /* Pods */ = {
			isa = PBXGroup;
			children = (
				1A202414BC94A46EC3C91D4E /* Pods-TodoList.debug.xcconfig */,
				D6057EAF95B69CAD2754329B /* Pods-TodoList.release.xcconfig */,
				C8404B6355C7CBAA02564841 /* Pods-TodoList-TodoListUITests.debug.xcconfig */,
				39769F6D18630F5C383BD213 /* Pods-TodoList-TodoListUITests.release.xcconfig */,
				2EAB3CCBD09987E91D799007 /* Pods-TodoListTests.debug.xcconfig */,
				D47143CBD9B0BF96D8C94151 /* Pods-TodoListTests.release.xcconfig */,
			);
			path = Pods;
			sourceTree = "<group>";
		};
		EA20FFA62A422AE900183E8E /* Views */ = {
			isa = PBXGroup;
			children = (
				EA20FFAB2A422B3A00183E8E /* DetailItemView.swift */,
				EA6D3C3E2A44B9A7002FAFA7 /* DetailFooterView.swift */,
				EA6D3C402A44E2D6002FAFA7 /* DetailNavigationBar.swift */,
				EA6D3C422A44E9E5002FAFA7 /* DetailTextView.swift */,
				EA6D3C442A44F47D002FAFA7 /* DetailDeleteButton.swift */,
			);
			path = Views;
			sourceTree = "<group>";
		};
		EA293BEC2A3DF40C006D85CC /* Scenes */ = {
			isa = PBXGroup;
			children = (
				EA293C072A3DF4C0006D85CC /* TodoDetail */,
				EA293BFA2A3DF4A6006D85CC /* TodoList */,
			);
			path = Scenes;
			sourceTree = "<group>";
		};
		EA293BFA2A3DF4A6006D85CC /* TodoList */ = {
			isa = PBXGroup;
			children = (
				EADC76472A4B540F0073B1D7 /* Views */,
				EA293BFB2A3DF4B5006D85CC /* TodoListPresenter.swift */,
				EA293BFC2A3DF4B5006D85CC /* TodoListRouter.swift */,
				EA293BFD2A3DF4B5006D85CC /* TodoListViewController.swift */,
				EA293BFE2A3DF4B5006D85CC /* TodoListView.swift */,
				EA293BFF2A3DF4B5006D85CC /* TodoListConfigurator.swift */,
			);
			path = TodoList;
			sourceTree = "<group>";
		};
		EA293C072A3DF4C0006D85CC /* TodoDetail */ = {
			isa = PBXGroup;
			children = (
				EA20FFA62A422AE900183E8E /* Views */,
				EA293C082A3DF4CC006D85CC /* TodoDetailPresenter.swift */,
				EA293C092A3DF4CC006D85CC /* TodoDetailRouter.swift */,
				EA293C0A2A3DF4CC006D85CC /* TodoDetailViewController.swift */,
				EA293C0B2A3DF4CC006D85CC /* TodoDetailView.swift */,
				EA293C0C2A3DF4CC006D85CC /* TodoDetailConfigurator.swift */,
			);
			path = TodoDetail;
			sourceTree = "<group>";
		};
		EA4D03002A3F511F00F4FC29 /* Helpers */ = {
			isa = PBXGroup;
			children = (
				EA4D03012A3F5A6B00F4FC29 /* UIColor+Extensions.swift */,
				EA20FFA42A4229C400183E8E /* UIImage+Extensions.swift */,
				EA20FFAD2A422C6200183E8E /* UIView+Extensions.swift */,
				EA6D3C3C2A44B739002FAFA7 /* UIFont+Extensions.swift */,
				EADDC8252A45D44500A5E910 /* DateFormatter+Extensions.swift */,
				EADC764C2A4B63D50073B1D7 /* UIImageView+Extensions.swift */,
				EAEF38AC2A4B64C700AD2EF9 /* UILabel+Extensions.swift */,
			);
			path = Helpers;
			sourceTree = "<group>";
		};
		EA655DD52A37941900AE56DA /* Domain */ = {
			isa = PBXGroup;
			children = (
				EAF5DDF82A3A3E8E00BEA9BD /* Services */,
				EA655DD62A37942100AE56DA /* Models */,
			);
			path = Domain;
			sourceTree = "<group>";
		};
		EA655DD62A37942100AE56DA /* Models */ = {
			isa = PBXGroup;
			children = (
				EA655DD72A37942D00AE56DA /* TodoItem.swift */,
				EA4C82202A38F85B00C5FCF2 /* TodoItem+Extensions.swift */,
			);
			path = Models;
			sourceTree = "<group>";
		};
		EA6D3C332A44B4EA002FAFA7 /* Fonts */ = {
			isa = PBXGroup;
			children = (
				EA6D3C3A2A44B5D8002FAFA7 /* SFProText-Light.ttf */,
				EA6D3C382A44B59D002FAFA7 /* SFProText-Semibold.ttf */,
				EA6D3C362A44B559002FAFA7 /* SF-Pro-Display-Semibold.otf */,
				EA6D3C342A44B548002FAFA7 /* SF-Pro-Display-Bold.otf */,
			);
			path = Fonts;
			sourceTree = "<group>";
		};
		EA7B28C52A37930600261559 = {
			isa = PBXGroup;
			children = (
				EA7B28D02A37930600261559 /* TodoList */,
				EA7B28E72A37930700261559 /* TodoListTests */,
				EA7B28F12A37930700261559 /* TodoListUITests */,
				EA7B28CF2A37930600261559 /* Products */,
				C82C72CB3F65C3A23A781F50 /* Pods */,
				F4AFDE5A93E617E8D0BA4C9E /* Frameworks */,
			);
			sourceTree = "<group>";
		};
		EA7B28CF2A37930600261559 /* Products */ = {
			isa = PBXGroup;
			children = (
				EA7B28CE2A37930600261559 /* TodoList.app */,
				EA7B28E42A37930700261559 /* TodoListTests.xctest */,
				EA7B28EE2A37930700261559 /* TodoListUITests.xctest */,
			);
			name = Products;
			sourceTree = "<group>";
		};
		EA7B28D02A37930600261559 /* TodoList */ = {
			isa = PBXGroup;
			children = (
				EA7B28D12A37930600261559 /* AppDelegate.swift */,
				EA7B28D32A37930600261559 /* SceneDelegate.swift */,
				EAF93BE92A3DF96B005144A0 /* Configuration */,
				EAF93BEA2A3DF9C9005144A0 /* Resources */,
				EA655DD52A37941900AE56DA /* Domain */,
				EA293BEC2A3DF40C006D85CC /* Scenes */,
				EA4D03002A3F511F00F4FC29 /* Helpers */,
			);
			path = TodoList;
			sourceTree = "<group>";
		};
		EA7B28E72A37930700261559 /* TodoListTests */ = {
			isa = PBXGroup;
			children = (
				EA7B28E82A37930700261559 /* TodoListTests.swift */,
			);
			path = TodoListTests;
			sourceTree = "<group>";
		};
		EA7B28F12A37930700261559 /* TodoListUITests */ = {
			isa = PBXGroup;
			children = (
				EA7B28F22A37930700261559 /* TodoListUITests.swift */,
				EA7B28F42A37930700261559 /* TodoListUITestsLaunchTests.swift */,
			);
			path = TodoListUITests;
			sourceTree = "<group>";
		};
		EADC76472A4B540F0073B1D7 /* Views */ = {
			isa = PBXGroup;
			children = (
				EADC76482A4B543C0073B1D7 /* ListCellView.swift */,
				EADC764A2A4B61800073B1D7 /* ListTitleView.swift */,
				EA4CA98D2A4DED76000CC4FF /* ListTableView.swift */,
				EA4CA9922A4E2515000CC4FF /* ListTableHeaderView.swift */,
			);
			path = Views;
			sourceTree = "<group>";
		};
		EAF5DDF82A3A3E8E00BEA9BD /* Services */ = {
			isa = PBXGroup;
			children = (
				EAF5DDF92A3A3E9D00BEA9BD /* FileCache.swift */,
			);
			path = Services;
			sourceTree = "<group>";
		};
		EAF93BE92A3DF96B005144A0 /* Configuration */ = {
			isa = PBXGroup;
			children = (
				EA7B28DF2A37930700261559 /* Info.plist */,
			);
			path = Configuration;
			sourceTree = "<group>";
		};
		EAF93BEA2A3DF9C9005144A0 /* Resources */ = {
			isa = PBXGroup;
			children = (
				EA6D3C332A44B4EA002FAFA7 /* Fonts */,
				EA7B28DA2A37930700261559 /* Assets.xcassets */,
				EA4D02FE2A3F509200F4FC29 /* Colors.xcassets */,
				EA7B28DC2A37930700261559 /* LaunchScreen.storyboard */,
				EADC76452A4B50070073B1D7 /* Strings.swift */,
			);
			path = Resources;
			sourceTree = "<group>";
		};
		F4AFDE5A93E617E8D0BA4C9E /* Frameworks */ = {
			isa = PBXGroup;
			children = (
				159E336CF5AD68A7C68CC0B2 /* Pods_TodoList.framework */,
				3C97A07DD2F10E239769A3C0 /* Pods_TodoList_TodoListUITests.framework */,
				035B075917EA6D5A3767968F /* Pods_TodoListTests.framework */,
			);
			name = Frameworks;
			sourceTree = "<group>";
		};
/* End PBXGroup section */

/* Begin PBXNativeTarget section */
		EA7B28CD2A37930600261559 /* TodoList */ = {
			isa = PBXNativeTarget;
			buildConfigurationList = EA7B28F82A37930700261559 /* Build configuration list for PBXNativeTarget "TodoList" */;
			buildPhases = (
				63340F543D2A58CD1B7D23F0 /* [CP] Check Pods Manifest.lock */,
				EA2901432A48BE8400D82049 /* SwiftLint */,
				EA7B28CA2A37930600261559 /* Sources */,
				EA7B28CB2A37930600261559 /* Frameworks */,
				EA7B28CC2A37930600261559 /* Resources */,
			);
			buildRules = (
			);
			dependencies = (
			);
			name = TodoList;
			packageProductDependencies = (
				EA2901412A48BDAE00D82049 /* CocoaLumberjackSwift */,
				EA4CA9902A4E0865000CC4FF /* OrderedCollections */,
			);
			productName = TodoList;
			productReference = EA7B28CE2A37930600261559 /* TodoList.app */;
			productType = "com.apple.product-type.application";
		};
		EA7B28E32A37930700261559 /* TodoListTests */ = {
			isa = PBXNativeTarget;
			buildConfigurationList = EA7B28FB2A37930700261559 /* Build configuration list for PBXNativeTarget "TodoListTests" */;
			buildPhases = (
				A7A9391FD1E5AE057A7FEF43 /* [CP] Check Pods Manifest.lock */,
				EA7B28E02A37930700261559 /* Sources */,
				EA7B28E12A37930700261559 /* Frameworks */,
				EA7B28E22A37930700261559 /* Resources */,
			);
			buildRules = (
			);
			dependencies = (
				EA7B28E62A37930700261559 /* PBXTargetDependency */,
			);
			name = TodoListTests;
			productName = TodoListTests;
			productReference = EA7B28E42A37930700261559 /* TodoListTests.xctest */;
			productType = "com.apple.product-type.bundle.unit-test";
		};
		EA7B28ED2A37930700261559 /* TodoListUITests */ = {
			isa = PBXNativeTarget;
			buildConfigurationList = EA7B28FE2A37930700261559 /* Build configuration list for PBXNativeTarget "TodoListUITests" */;
			buildPhases = (
				1623ABA3A08177FC582CC1D4 /* [CP] Check Pods Manifest.lock */,
				EA7B28EA2A37930700261559 /* Sources */,
				EA7B28EB2A37930700261559 /* Frameworks */,
				EA7B28EC2A37930700261559 /* Resources */,
			);
			buildRules = (
			);
			dependencies = (
				EA7B28F02A37930700261559 /* PBXTargetDependency */,
			);
			name = TodoListUITests;
			productName = TodoListUITests;
			productReference = EA7B28EE2A37930700261559 /* TodoListUITests.xctest */;
			productType = "com.apple.product-type.bundle.ui-testing";
		};
/* End PBXNativeTarget section */

/* Begin PBXProject section */
		EA7B28C62A37930600261559 /* Project object */ = {
			isa = PBXProject;
			attributes = {
				BuildIndependentTargetsInParallel = 1;
				LastSwiftUpdateCheck = 1430;
				LastUpgradeCheck = 1430;
				TargetAttributes = {
					EA7B28CD2A37930600261559 = {
						CreatedOnToolsVersion = 14.3.1;
					};
					EA7B28E32A37930700261559 = {
						CreatedOnToolsVersion = 14.3.1;
						TestTargetID = EA7B28CD2A37930600261559;
					};
					EA7B28ED2A37930700261559 = {
						CreatedOnToolsVersion = 14.3.1;
						TestTargetID = EA7B28CD2A37930600261559;
					};
				};
			};
			buildConfigurationList = EA7B28C92A37930600261559 /* Build configuration list for PBXProject "TodoList" */;
			compatibilityVersion = "Xcode 14.0";
			developmentRegion = en;
			hasScannedForEncodings = 0;
			knownRegions = (
				en,
				Base,
			);
			mainGroup = EA7B28C52A37930600261559;
			packageReferences = (
				EA2901402A48BDAE00D82049 /* XCRemoteSwiftPackageReference "CocoaLumberjack" */,
				EA4CA98F2A4E0865000CC4FF /* XCRemoteSwiftPackageReference "swift-collections" */,
			);
			productRefGroup = EA7B28CF2A37930600261559 /* Products */;
			projectDirPath = "";
			projectRoot = "";
			targets = (
				EA7B28CD2A37930600261559 /* TodoList */,
				EA7B28E32A37930700261559 /* TodoListTests */,
				EA7B28ED2A37930700261559 /* TodoListUITests */,
			);
		};
/* End PBXProject section */

/* Begin PBXResourcesBuildPhase section */
		EA7B28CC2A37930600261559 /* Resources */ = {
			isa = PBXResourcesBuildPhase;
			buildActionMask = 2147483647;
			files = (
				EA4D02FF2A3F509200F4FC29 /* Colors.xcassets in Resources */,
				EA7B28DE2A37930700261559 /* LaunchScreen.storyboard in Resources */,
				EA6D3C372A44B559002FAFA7 /* SF-Pro-Display-Semibold.otf in Resources */,
				EA6D3C352A44B548002FAFA7 /* SF-Pro-Display-Bold.otf in Resources */,
				EA6D3C3B2A44B5D8002FAFA7 /* SFProText-Light.ttf in Resources */,
				EA7B28DB2A37930700261559 /* Assets.xcassets in Resources */,
				EA6D3C392A44B59D002FAFA7 /* SFProText-Semibold.ttf in Resources */,
			);
			runOnlyForDeploymentPostprocessing = 0;
		};
		EA7B28E22A37930700261559 /* Resources */ = {
			isa = PBXResourcesBuildPhase;
			buildActionMask = 2147483647;
			files = (
			);
			runOnlyForDeploymentPostprocessing = 0;
		};
		EA7B28EC2A37930700261559 /* Resources */ = {
			isa = PBXResourcesBuildPhase;
			buildActionMask = 2147483647;
			files = (
			);
			runOnlyForDeploymentPostprocessing = 0;
		};
/* End PBXResourcesBuildPhase section */

/* Begin PBXShellScriptBuildPhase section */
		1623ABA3A08177FC582CC1D4 /* [CP] Check Pods Manifest.lock */ = {
			isa = PBXShellScriptBuildPhase;
			buildActionMask = 2147483647;
			files = (
			);
			inputFileListPaths = (
			);
			inputPaths = (
				"${PODS_PODFILE_DIR_PATH}/Podfile.lock",
				"${PODS_ROOT}/Manifest.lock",
			);
			name = "[CP] Check Pods Manifest.lock";
			outputFileListPaths = (
			);
			outputPaths = (
				"$(DERIVED_FILE_DIR)/Pods-TodoList-TodoListUITests-checkManifestLockResult.txt",
			);
			runOnlyForDeploymentPostprocessing = 0;
			shellPath = /bin/sh;
			shellScript = "diff \"${PODS_PODFILE_DIR_PATH}/Podfile.lock\" \"${PODS_ROOT}/Manifest.lock\" > /dev/null\nif [ $? != 0 ] ; then\n    # print error to STDERR\n    echo \"error: The sandbox is not in sync with the Podfile.lock. Run 'pod install' or update your CocoaPods installation.\" >&2\n    exit 1\nfi\n# This output is used by Xcode 'outputs' to avoid re-running this script phase.\necho \"SUCCESS\" > \"${SCRIPT_OUTPUT_FILE_0}\"\n";
			showEnvVarsInLog = 0;
		};
		63340F543D2A58CD1B7D23F0 /* [CP] Check Pods Manifest.lock */ = {
			isa = PBXShellScriptBuildPhase;
			buildActionMask = 2147483647;
			files = (
			);
			inputFileListPaths = (
			);
			inputPaths = (
				"${PODS_PODFILE_DIR_PATH}/Podfile.lock",
				"${PODS_ROOT}/Manifest.lock",
			);
			name = "[CP] Check Pods Manifest.lock";
			outputFileListPaths = (
			);
			outputPaths = (
				"$(DERIVED_FILE_DIR)/Pods-TodoList-checkManifestLockResult.txt",
			);
			runOnlyForDeploymentPostprocessing = 0;
			shellPath = /bin/sh;
			shellScript = "diff \"${PODS_PODFILE_DIR_PATH}/Podfile.lock\" \"${PODS_ROOT}/Manifest.lock\" > /dev/null\nif [ $? != 0 ] ; then\n    # print error to STDERR\n    echo \"error: The sandbox is not in sync with the Podfile.lock. Run 'pod install' or update your CocoaPods installation.\" >&2\n    exit 1\nfi\n# This output is used by Xcode 'outputs' to avoid re-running this script phase.\necho \"SUCCESS\" > \"${SCRIPT_OUTPUT_FILE_0}\"\n";
			showEnvVarsInLog = 0;
		};
		A7A9391FD1E5AE057A7FEF43 /* [CP] Check Pods Manifest.lock */ = {
			isa = PBXShellScriptBuildPhase;
			buildActionMask = 2147483647;
			files = (
			);
			inputFileListPaths = (
			);
			inputPaths = (
				"${PODS_PODFILE_DIR_PATH}/Podfile.lock",
				"${PODS_ROOT}/Manifest.lock",
			);
			name = "[CP] Check Pods Manifest.lock";
			outputFileListPaths = (
			);
			outputPaths = (
				"$(DERIVED_FILE_DIR)/Pods-TodoListTests-checkManifestLockResult.txt",
			);
			runOnlyForDeploymentPostprocessing = 0;
			shellPath = /bin/sh;
			shellScript = "diff \"${PODS_PODFILE_DIR_PATH}/Podfile.lock\" \"${PODS_ROOT}/Manifest.lock\" > /dev/null\nif [ $? != 0 ] ; then\n    # print error to STDERR\n    echo \"error: The sandbox is not in sync with the Podfile.lock. Run 'pod install' or update your CocoaPods installation.\" >&2\n    exit 1\nfi\n# This output is used by Xcode 'outputs' to avoid re-running this script phase.\necho \"SUCCESS\" > \"${SCRIPT_OUTPUT_FILE_0}\"\n";
			showEnvVarsInLog = 0;
		};
		EA2901432A48BE8400D82049 /* SwiftLint */ = {
			isa = PBXShellScriptBuildPhase;
			alwaysOutOfDate = 1;
			buildActionMask = 2147483647;
			files = (
			);
			inputFileListPaths = (
			);
			inputPaths = (
			);
			name = SwiftLint;
			outputFileListPaths = (
			);
			outputPaths = (
			);
			runOnlyForDeploymentPostprocessing = 0;
			shellPath = /bin/sh;
			shellScript = "\"${PODS_ROOT}/SwiftLint/swiftlint\"\n";
		};
/* End PBXShellScriptBuildPhase section */

/* Begin PBXSourcesBuildPhase section */
		EA7B28CA2A37930600261559 /* Sources */ = {
			isa = PBXSourcesBuildPhase;
			buildActionMask = 2147483647;
			files = (
				EADC764D2A4B63D50073B1D7 /* UIImageView+Extensions.swift in Sources */,
				EA293C032A3DF4B5006D85CC /* TodoListViewController.swift in Sources */,
				EA293C012A3DF4B5006D85CC /* TodoListPresenter.swift in Sources */,
				EA20FFAE2A422C6200183E8E /* UIView+Extensions.swift in Sources */,
				EA20FFAC2A422B3A00183E8E /* DetailItemView.swift in Sources */,
				EA6D3C3F2A44B9A7002FAFA7 /* DetailFooterView.swift in Sources */,
				EAEF38AD2A4B64C700AD2EF9 /* UILabel+Extensions.swift in Sources */,
				EA293C122A3DF4CC006D85CC /* TodoDetailConfigurator.swift in Sources */,
				EA4CA98E2A4DED76000CC4FF /* ListTableView.swift in Sources */,
				EA4C82212A38F85B00C5FCF2 /* TodoItem+Extensions.swift in Sources */,
				EADC764B2A4B61800073B1D7 /* ListTitleView.swift in Sources */,
				EA7B28D22A37930600261559 /* AppDelegate.swift in Sources */,
				EA6D3C412A44E2D6002FAFA7 /* DetailNavigationBar.swift in Sources */,
				EA4D03022A3F5A6B00F4FC29 /* UIColor+Extensions.swift in Sources */,
				EA293C022A3DF4B5006D85CC /* TodoListRouter.swift in Sources */,
				EA293C042A3DF4B5006D85CC /* TodoListView.swift in Sources */,
				EA655DD82A37942D00AE56DA /* TodoItem.swift in Sources */,
				EAF5DDFA2A3A3E9D00BEA9BD /* FileCache.swift in Sources */,
				EA293C0E2A3DF4CC006D85CC /* TodoDetailPresenter.swift in Sources */,
				EA293C112A3DF4CC006D85CC /* TodoDetailView.swift in Sources */,
				EA293C052A3DF4B5006D85CC /* TodoListConfigurator.swift in Sources */,
				EA7B28D42A37930600261559 /* SceneDelegate.swift in Sources */,
				EA20FFA52A4229C400183E8E /* UIImage+Extensions.swift in Sources */,
				EADDC8262A45D44500A5E910 /* DateFormatter+Extensions.swift in Sources */,
				EADC76462A4B50070073B1D7 /* Strings.swift in Sources */,
				EA293C0F2A3DF4CC006D85CC /* TodoDetailRouter.swift in Sources */,
				EA6D3C432A44E9E5002FAFA7 /* DetailTextView.swift in Sources */,
				EA6D3C452A44F47D002FAFA7 /* DetailDeleteButton.swift in Sources */,
				EA4CA9932A4E2515000CC4FF /* ListTableHeaderView.swift in Sources */,
				EA6D3C3D2A44B739002FAFA7 /* UIFont+Extensions.swift in Sources */,
				EA293C102A3DF4CC006D85CC /* TodoDetailViewController.swift in Sources */,
				EADC76492A4B543C0073B1D7 /* ListCellView.swift in Sources */,
			);
			runOnlyForDeploymentPostprocessing = 0;
		};
		EA7B28E02A37930700261559 /* Sources */ = {
			isa = PBXSourcesBuildPhase;
			buildActionMask = 2147483647;
			files = (
				EA7B28E92A37930700261559 /* TodoListTests.swift in Sources */,
			);
			runOnlyForDeploymentPostprocessing = 0;
		};
		EA7B28EA2A37930700261559 /* Sources */ = {
			isa = PBXSourcesBuildPhase;
			buildActionMask = 2147483647;
			files = (
				EA7B28F52A37930700261559 /* TodoListUITestsLaunchTests.swift in Sources */,
				EA7B28F32A37930700261559 /* TodoListUITests.swift in Sources */,
			);
			runOnlyForDeploymentPostprocessing = 0;
		};
/* End PBXSourcesBuildPhase section */

/* Begin PBXTargetDependency section */
		EA7B28E62A37930700261559 /* PBXTargetDependency */ = {
			isa = PBXTargetDependency;
			target = EA7B28CD2A37930600261559 /* TodoList */;
			targetProxy = EA7B28E52A37930700261559 /* PBXContainerItemProxy */;
		};
		EA7B28F02A37930700261559 /* PBXTargetDependency */ = {
			isa = PBXTargetDependency;
			target = EA7B28CD2A37930600261559 /* TodoList */;
			targetProxy = EA7B28EF2A37930700261559 /* PBXContainerItemProxy */;
		};
/* End PBXTargetDependency section */

/* Begin PBXVariantGroup section */
		EA7B28DC2A37930700261559 /* LaunchScreen.storyboard */ = {
			isa = PBXVariantGroup;
			children = (
				EA7B28DD2A37930700261559 /* Base */,
			);
			name = LaunchScreen.storyboard;
			sourceTree = "<group>";
		};
/* End PBXVariantGroup section */

/* Begin XCBuildConfiguration section */
		EA7B28F62A37930700261559 /* Debug */ = {
			isa = XCBuildConfiguration;
			buildSettings = {
				ALWAYS_SEARCH_USER_PATHS = NO;
				CLANG_ANALYZER_NONNULL = YES;
				CLANG_ANALYZER_NUMBER_OBJECT_CONVERSION = YES_AGGRESSIVE;
				CLANG_CXX_LANGUAGE_STANDARD = "gnu++20";
				CLANG_ENABLE_MODULES = YES;
				CLANG_ENABLE_OBJC_ARC = YES;
				CLANG_ENABLE_OBJC_WEAK = YES;
				CLANG_WARN_BLOCK_CAPTURE_AUTORELEASING = YES;
				CLANG_WARN_BOOL_CONVERSION = YES;
				CLANG_WARN_COMMA = YES;
				CLANG_WARN_CONSTANT_CONVERSION = YES;
				CLANG_WARN_DEPRECATED_OBJC_IMPLEMENTATIONS = YES;
				CLANG_WARN_DIRECT_OBJC_ISA_USAGE = YES_ERROR;
				CLANG_WARN_DOCUMENTATION_COMMENTS = YES;
				CLANG_WARN_EMPTY_BODY = YES;
				CLANG_WARN_ENUM_CONVERSION = YES;
				CLANG_WARN_INFINITE_RECURSION = YES;
				CLANG_WARN_INT_CONVERSION = YES;
				CLANG_WARN_NON_LITERAL_NULL_CONVERSION = YES;
				CLANG_WARN_OBJC_IMPLICIT_RETAIN_SELF = YES;
				CLANG_WARN_OBJC_LITERAL_CONVERSION = YES;
				CLANG_WARN_OBJC_ROOT_CLASS = YES_ERROR;
				CLANG_WARN_QUOTED_INCLUDE_IN_FRAMEWORK_HEADER = YES;
				CLANG_WARN_RANGE_LOOP_ANALYSIS = YES;
				CLANG_WARN_STRICT_PROTOTYPES = YES;
				CLANG_WARN_SUSPICIOUS_MOVE = YES;
				CLANG_WARN_UNGUARDED_AVAILABILITY = YES_AGGRESSIVE;
				CLANG_WARN_UNREACHABLE_CODE = YES;
				CLANG_WARN__DUPLICATE_METHOD_MATCH = YES;
				COPY_PHASE_STRIP = NO;
				DEBUG_INFORMATION_FORMAT = dwarf;
				ENABLE_STRICT_OBJC_MSGSEND = YES;
				ENABLE_TESTABILITY = YES;
				GCC_C_LANGUAGE_STANDARD = gnu11;
				GCC_DYNAMIC_NO_PIC = NO;
				GCC_NO_COMMON_BLOCKS = YES;
				GCC_OPTIMIZATION_LEVEL = 0;
				GCC_PREPROCESSOR_DEFINITIONS = (
					"DEBUG=1",
					"$(inherited)",
				);
				GCC_WARN_64_TO_32_BIT_CONVERSION = YES;
				GCC_WARN_ABOUT_RETURN_TYPE = YES_ERROR;
				GCC_WARN_UNDECLARED_SELECTOR = YES;
				GCC_WARN_UNINITIALIZED_AUTOS = YES_AGGRESSIVE;
				GCC_WARN_UNUSED_FUNCTION = YES;
				GCC_WARN_UNUSED_VARIABLE = YES;
				IPHONEOS_DEPLOYMENT_TARGET = 16.4;
				MTL_ENABLE_DEBUG_INFO = INCLUDE_SOURCE;
				MTL_FAST_MATH = YES;
				ONLY_ACTIVE_ARCH = YES;
				SDKROOT = iphoneos;
				SWIFT_ACTIVE_COMPILATION_CONDITIONS = DEBUG;
				SWIFT_OPTIMIZATION_LEVEL = "-Onone";
			};
			name = Debug;
		};
		EA7B28F72A37930700261559 /* Release */ = {
			isa = XCBuildConfiguration;
			buildSettings = {
				ALWAYS_SEARCH_USER_PATHS = NO;
				CLANG_ANALYZER_NONNULL = YES;
				CLANG_ANALYZER_NUMBER_OBJECT_CONVERSION = YES_AGGRESSIVE;
				CLANG_CXX_LANGUAGE_STANDARD = "gnu++20";
				CLANG_ENABLE_MODULES = YES;
				CLANG_ENABLE_OBJC_ARC = YES;
				CLANG_ENABLE_OBJC_WEAK = YES;
				CLANG_WARN_BLOCK_CAPTURE_AUTORELEASING = YES;
				CLANG_WARN_BOOL_CONVERSION = YES;
				CLANG_WARN_COMMA = YES;
				CLANG_WARN_CONSTANT_CONVERSION = YES;
				CLANG_WARN_DEPRECATED_OBJC_IMPLEMENTATIONS = YES;
				CLANG_WARN_DIRECT_OBJC_ISA_USAGE = YES_ERROR;
				CLANG_WARN_DOCUMENTATION_COMMENTS = YES;
				CLANG_WARN_EMPTY_BODY = YES;
				CLANG_WARN_ENUM_CONVERSION = YES;
				CLANG_WARN_INFINITE_RECURSION = YES;
				CLANG_WARN_INT_CONVERSION = YES;
				CLANG_WARN_NON_LITERAL_NULL_CONVERSION = YES;
				CLANG_WARN_OBJC_IMPLICIT_RETAIN_SELF = YES;
				CLANG_WARN_OBJC_LITERAL_CONVERSION = YES;
				CLANG_WARN_OBJC_ROOT_CLASS = YES_ERROR;
				CLANG_WARN_QUOTED_INCLUDE_IN_FRAMEWORK_HEADER = YES;
				CLANG_WARN_RANGE_LOOP_ANALYSIS = YES;
				CLANG_WARN_STRICT_PROTOTYPES = YES;
				CLANG_WARN_SUSPICIOUS_MOVE = YES;
				CLANG_WARN_UNGUARDED_AVAILABILITY = YES_AGGRESSIVE;
				CLANG_WARN_UNREACHABLE_CODE = YES;
				CLANG_WARN__DUPLICATE_METHOD_MATCH = YES;
				COPY_PHASE_STRIP = NO;
				DEBUG_INFORMATION_FORMAT = "dwarf-with-dsym";
				ENABLE_NS_ASSERTIONS = NO;
				ENABLE_STRICT_OBJC_MSGSEND = YES;
				GCC_C_LANGUAGE_STANDARD = gnu11;
				GCC_NO_COMMON_BLOCKS = YES;
				GCC_WARN_64_TO_32_BIT_CONVERSION = YES;
				GCC_WARN_ABOUT_RETURN_TYPE = YES_ERROR;
				GCC_WARN_UNDECLARED_SELECTOR = YES;
				GCC_WARN_UNINITIALIZED_AUTOS = YES_AGGRESSIVE;
				GCC_WARN_UNUSED_FUNCTION = YES;
				GCC_WARN_UNUSED_VARIABLE = YES;
				IPHONEOS_DEPLOYMENT_TARGET = 16.4;
				MTL_ENABLE_DEBUG_INFO = NO;
				MTL_FAST_MATH = YES;
				SDKROOT = iphoneos;
				SWIFT_COMPILATION_MODE = wholemodule;
				SWIFT_OPTIMIZATION_LEVEL = "-O";
				VALIDATE_PRODUCT = YES;
			};
			name = Release;
		};
		EA7B28F92A37930700261559 /* Debug */ = {
			isa = XCBuildConfiguration;
			baseConfigurationReference = 1A202414BC94A46EC3C91D4E /* Pods-TodoList.debug.xcconfig */;
			buildSettings = {
				ASSETCATALOG_COMPILER_APPICON_NAME = AppIcon;
				ASSETCATALOG_COMPILER_GLOBAL_ACCENT_COLOR_NAME = AccentColor;
				CODE_SIGN_STYLE = Automatic;
				CURRENT_PROJECT_VERSION = 1;
				DEVELOPMENT_TEAM = QKTHPR44C2;
				GENERATE_INFOPLIST_FILE = YES;
				INFOPLIST_FILE = TodoList/Configuration/Info.plist;
				INFOPLIST_KEY_UIApplicationSupportsIndirectInputEvents = YES;
				INFOPLIST_KEY_UILaunchStoryboardName = LaunchScreen;
				INFOPLIST_KEY_UIRequiresFullScreen = NO;
				INFOPLIST_KEY_UISupportedInterfaceOrientations_iPad = "UIInterfaceOrientationPortrait UIInterfaceOrientationPortraitUpsideDown UIInterfaceOrientationLandscapeLeft UIInterfaceOrientationLandscapeRight";
				INFOPLIST_KEY_UISupportedInterfaceOrientations_iPhone = "UIInterfaceOrientationPortrait UIInterfaceOrientationLandscapeLeft UIInterfaceOrientationLandscapeRight";
				LD_RUNPATH_SEARCH_PATHS = (
					"$(inherited)",
					"@executable_path/Frameworks",
				);
				MARKETING_VERSION = 1.0;
				PRODUCT_BUNDLE_IDENTIFIER = com.vladKoshelev.TodoList;
				PRODUCT_NAME = "$(TARGET_NAME)";
				SWIFT_EMIT_LOC_STRINGS = YES;
				SWIFT_VERSION = 5.0;
				TARGETED_DEVICE_FAMILY = "1,2";
			};
			name = Debug;
		};
		EA7B28FA2A37930700261559 /* Release */ = {
			isa = XCBuildConfiguration;
			baseConfigurationReference = D6057EAF95B69CAD2754329B /* Pods-TodoList.release.xcconfig */;
			buildSettings = {
				ASSETCATALOG_COMPILER_APPICON_NAME = AppIcon;
				ASSETCATALOG_COMPILER_GLOBAL_ACCENT_COLOR_NAME = AccentColor;
				CODE_SIGN_STYLE = Automatic;
				CURRENT_PROJECT_VERSION = 1;
				DEVELOPMENT_TEAM = QKTHPR44C2;
				GENERATE_INFOPLIST_FILE = YES;
				INFOPLIST_FILE = TodoList/Configuration/Info.plist;
				INFOPLIST_KEY_UIApplicationSupportsIndirectInputEvents = YES;
				INFOPLIST_KEY_UILaunchStoryboardName = LaunchScreen;
				INFOPLIST_KEY_UIRequiresFullScreen = NO;
				INFOPLIST_KEY_UISupportedInterfaceOrientations_iPad = "UIInterfaceOrientationPortrait UIInterfaceOrientationPortraitUpsideDown UIInterfaceOrientationLandscapeLeft UIInterfaceOrientationLandscapeRight";
				INFOPLIST_KEY_UISupportedInterfaceOrientations_iPhone = "UIInterfaceOrientationPortrait UIInterfaceOrientationLandscapeLeft UIInterfaceOrientationLandscapeRight";
				LD_RUNPATH_SEARCH_PATHS = (
					"$(inherited)",
					"@executable_path/Frameworks",
				);
				MARKETING_VERSION = 1.0;
				PRODUCT_BUNDLE_IDENTIFIER = com.vladKoshelev.TodoList;
				PRODUCT_NAME = "$(TARGET_NAME)";
				SWIFT_EMIT_LOC_STRINGS = YES;
				SWIFT_VERSION = 5.0;
				TARGETED_DEVICE_FAMILY = "1,2";
			};
			name = Release;
		};
		EA7B28FC2A37930700261559 /* Debug */ = {
			isa = XCBuildConfiguration;
			baseConfigurationReference = 2EAB3CCBD09987E91D799007 /* Pods-TodoListTests.debug.xcconfig */;
			buildSettings = {
				ALWAYS_EMBED_SWIFT_STANDARD_LIBRARIES = YES;
				BUNDLE_LOADER = "$(TEST_HOST)";
				CODE_SIGN_STYLE = Automatic;
				CURRENT_PROJECT_VERSION = 1;
				DEVELOPMENT_TEAM = QKTHPR44C2;
				GENERATE_INFOPLIST_FILE = YES;
				IPHONEOS_DEPLOYMENT_TARGET = 16.4;
				MARKETING_VERSION = 1.0;
				PRODUCT_BUNDLE_IDENTIFIER = com.vladKoshelev.TodoListTests;
				PRODUCT_NAME = "$(TARGET_NAME)";
				SWIFT_EMIT_LOC_STRINGS = NO;
				SWIFT_VERSION = 5.0;
				TARGETED_DEVICE_FAMILY = "1,2";
				TEST_HOST = "$(BUILT_PRODUCTS_DIR)/TodoList.app/$(BUNDLE_EXECUTABLE_FOLDER_PATH)/TodoList";
			};
			name = Debug;
		};
		EA7B28FD2A37930700261559 /* Release */ = {
			isa = XCBuildConfiguration;
			baseConfigurationReference = D47143CBD9B0BF96D8C94151 /* Pods-TodoListTests.release.xcconfig */;
			buildSettings = {
				ALWAYS_EMBED_SWIFT_STANDARD_LIBRARIES = YES;
				BUNDLE_LOADER = "$(TEST_HOST)";
				CODE_SIGN_STYLE = Automatic;
				CURRENT_PROJECT_VERSION = 1;
				DEVELOPMENT_TEAM = QKTHPR44C2;
				GENERATE_INFOPLIST_FILE = YES;
				IPHONEOS_DEPLOYMENT_TARGET = 16.4;
				MARKETING_VERSION = 1.0;
				PRODUCT_BUNDLE_IDENTIFIER = com.vladKoshelev.TodoListTests;
				PRODUCT_NAME = "$(TARGET_NAME)";
				SWIFT_EMIT_LOC_STRINGS = NO;
				SWIFT_VERSION = 5.0;
				TARGETED_DEVICE_FAMILY = "1,2";
				TEST_HOST = "$(BUILT_PRODUCTS_DIR)/TodoList.app/$(BUNDLE_EXECUTABLE_FOLDER_PATH)/TodoList";
			};
			name = Release;
		};
		EA7B28FF2A37930700261559 /* Debug */ = {
			isa = XCBuildConfiguration;
			baseConfigurationReference = C8404B6355C7CBAA02564841 /* Pods-TodoList-TodoListUITests.debug.xcconfig */;
			buildSettings = {
				ALWAYS_EMBED_SWIFT_STANDARD_LIBRARIES = YES;
				CODE_SIGN_STYLE = Automatic;
				CURRENT_PROJECT_VERSION = 1;
				DEVELOPMENT_TEAM = QKTHPR44C2;
				GENERATE_INFOPLIST_FILE = YES;
				MARKETING_VERSION = 1.0;
				PRODUCT_BUNDLE_IDENTIFIER = com.vladKoshelev.TodoListUITests;
				PRODUCT_NAME = "$(TARGET_NAME)";
				SWIFT_EMIT_LOC_STRINGS = NO;
				SWIFT_VERSION = 5.0;
				TARGETED_DEVICE_FAMILY = "1,2";
				TEST_TARGET_NAME = TodoList;
			};
			name = Debug;
		};
		EA7B29002A37930700261559 /* Release */ = {
			isa = XCBuildConfiguration;
			baseConfigurationReference = 39769F6D18630F5C383BD213 /* Pods-TodoList-TodoListUITests.release.xcconfig */;
			buildSettings = {
				ALWAYS_EMBED_SWIFT_STANDARD_LIBRARIES = YES;
				CODE_SIGN_STYLE = Automatic;
				CURRENT_PROJECT_VERSION = 1;
				DEVELOPMENT_TEAM = QKTHPR44C2;
				GENERATE_INFOPLIST_FILE = YES;
				MARKETING_VERSION = 1.0;
				PRODUCT_BUNDLE_IDENTIFIER = com.vladKoshelev.TodoListUITests;
				PRODUCT_NAME = "$(TARGET_NAME)";
				SWIFT_EMIT_LOC_STRINGS = NO;
				SWIFT_VERSION = 5.0;
				TARGETED_DEVICE_FAMILY = "1,2";
				TEST_TARGET_NAME = TodoList;
			};
			name = Release;
		};
/* End XCBuildConfiguration section */

/* Begin XCConfigurationList section */
		EA7B28C92A37930600261559 /* Build configuration list for PBXProject "TodoList" */ = {
			isa = XCConfigurationList;
			buildConfigurations = (
				EA7B28F62A37930700261559 /* Debug */,
				EA7B28F72A37930700261559 /* Release */,
			);
			defaultConfigurationIsVisible = 0;
			defaultConfigurationName = Release;
		};
		EA7B28F82A37930700261559 /* Build configuration list for PBXNativeTarget "TodoList" */ = {
			isa = XCConfigurationList;
			buildConfigurations = (
				EA7B28F92A37930700261559 /* Debug */,
				EA7B28FA2A37930700261559 /* Release */,
			);
			defaultConfigurationIsVisible = 0;
			defaultConfigurationName = Release;
		};
		EA7B28FB2A37930700261559 /* Build configuration list for PBXNativeTarget "TodoListTests" */ = {
			isa = XCConfigurationList;
			buildConfigurations = (
				EA7B28FC2A37930700261559 /* Debug */,
				EA7B28FD2A37930700261559 /* Release */,
			);
			defaultConfigurationIsVisible = 0;
			defaultConfigurationName = Release;
		};
		EA7B28FE2A37930700261559 /* Build configuration list for PBXNativeTarget "TodoListUITests" */ = {
			isa = XCConfigurationList;
			buildConfigurations = (
				EA7B28FF2A37930700261559 /* Debug */,
				EA7B29002A37930700261559 /* Release */,
			);
			defaultConfigurationIsVisible = 0;
			defaultConfigurationName = Release;
		};
/* End XCConfigurationList section */

/* Begin XCRemoteSwiftPackageReference section */
		EA2901402A48BDAE00D82049 /* XCRemoteSwiftPackageReference "CocoaLumberjack" */ = {
			isa = XCRemoteSwiftPackageReference;
			repositoryURL = "https://github.com/CocoaLumberjack/CocoaLumberjack";
			requirement = {
				kind = upToNextMajorVersion;
				minimumVersion = 3.0.0;
			};
		};
		EA4CA98F2A4E0865000CC4FF /* XCRemoteSwiftPackageReference "swift-collections" */ = {
			isa = XCRemoteSwiftPackageReference;
			repositoryURL = "https://github.com/apple/swift-collections.git";
			requirement = {
				kind = upToNextMajorVersion;
				minimumVersion = 1.0.0;
			};
		};
/* End XCRemoteSwiftPackageReference section */

/* Begin XCSwiftPackageProductDependency section */
		EA2901412A48BDAE00D82049 /* CocoaLumberjackSwift */ = {
			isa = XCSwiftPackageProductDependency;
			package = EA2901402A48BDAE00D82049 /* XCRemoteSwiftPackageReference "CocoaLumberjack" */;
			productName = CocoaLumberjackSwift;
		};
		EA4CA9902A4E0865000CC4FF /* OrderedCollections */ = {
			isa = XCSwiftPackageProductDependency;
			package = EA4CA98F2A4E0865000CC4FF /* XCRemoteSwiftPackageReference "swift-collections" */;
			productName = OrderedCollections;
		};
/* End XCSwiftPackageProductDependency section */
	};
	rootObject = EA7B28C62A37930600261559 /* Project object */;
}
